
Microsoft Visual Studio Solution File, Format Version 12.00
# Visual Studio Version 17
VisualStudioVersion = 17.12.35521.163 d17.12
MinimumVisualStudioVersion = 10.0.40219.1
Project("{FAE04EC0-301F-11D3-BF4B-00C04F79EFBC}") = "WebAPI", "WebAPI\WebAPI.csproj", "{53F13C95-4162-4622-85F3-AA96205CDBC6}"
EndProject
Project("{FAE04EC0-301F-11D3-BF4B-00C04F79EFBC}") = "BLL", "BLL\BLL.csproj", "{AC9A99AD-9FFA-4401-B92A-62F472863587}"
EndProject
Project("{FAE04EC0-301F-11D3-BF4B-00C04F79EFBC}") = "DAL", "DAL\DAL.csproj", "{469CE793-015C-4D87-AC00-C979DFA05A6D}"
EndProject
Global
	GlobalSection(SolutionConfigurationPlatforms) = preSolution
		Debug|Any CPU = Debug|Any CPU
		Release|Any CPU = Release|Any CPU
	EndGlobalSection
	GlobalSection(ProjectConfigurationPlatforms) = postSolution
		{53F13C95-4162-4622-85F3-AA96205CDBC6}.Debug|Any CPU.ActiveCfg = Debug|Any CPU
		{53F13C95-4162-4622-85F3-AA96205CDBC6}.Debug|Any CPU.Build.0 = Debug|Any CPU
		{53F13C95-4162-4622-85F3-AA96205CDBC6}.Release|Any CPU.ActiveCfg = Release|Any CPU
		{53F13C95-4162-4622-85F3-AA96205CDBC6}.Release|Any CPU.Build.0 = Release|Any CPU
		{AC9A99AD-9FFA-4401-B92A-62F472863587}.Debug|Any CPU.ActiveCfg = Debug|Any CPU
		{AC9A99AD-9FFA-4401-B92A-62F472863587}.Debug|Any CPU.Build.0 = Debug|Any CPU
		{AC9A99AD-9FFA-4401-B92A-62F472863587}.Release|Any CPU.ActiveCfg = Release|Any CPU
		{AC9A99AD-9FFA-4401-B92A-62F472863587}.Release|Any CPU.Build.0 = Release|Any CPU
		{469CE793-015C-4D87-AC00-C979DFA05A6D}.Debug|Any CPU.ActiveCfg = Debug|Any CPU
		{469CE793-015C-4D87-AC00-C979DFA05A6D}.Debug|Any CPU.Build.0 = Debug|Any CPU
		{469CE793-015C-4D87-AC00-C979DFA05A6D}.Release|Any CPU.ActiveCfg = Release|Any CPU
		{469CE793-015C-4D87-AC00-C979DFA05A6D}.Release|Any CPU.Build.0 = Release|Any CPU
	EndGlobalSection
	GlobalSection(SolutionProperties) = preSolution
		HideSolutionNode = FALSE
	EndGlobalSection
EndGlobal
